
Microsoft Visual Studio Solution File, Format Version 12.00
# Visual Studio Version 16
VisualStudioVersion = 16.0.30804.86
MinimumVisualStudioVersion = 10.0.40219.1
Project("{FAE04EC0-301F-11D3-BF4B-00C04F79EFBC}") = "ConsoleApp1", "ConsoleApp1.csproj", "{A8E82245-6507-4CEE-A6B2-AAA6DA71D015}"
EndProject
Global
	GlobalSection(SolutionConfigurationPlatforms) = preSolution
		Debug|Any CPU = Debug|Any CPU
		Release|Any CPU = Release|Any CPU
	EndGlobalSection
	GlobalSection(ProjectConfigurationPlatforms) = postSolution
		{A8E82245-6507-4CEE-A6B2-AAA6DA71D015}.Debug|Any CPU.ActiveCfg = Debug|Any CPU
		{A8E82245-6507-4CEE-A6B2-AAA6DA71D015}.Debug|Any CPU.Build.0 = Debug|Any CPU
		{A8E82245-6507-4CEE-A6B2-AAA6DA71D015}.Release|Any CPU.ActiveCfg = Release|Any CPU
		{A8E82245-6507-4CEE-A6B2-AAA6DA71D015}.Release|Any CPU.Build.0 = Release|Any CPU
	EndGlobalSection
	GlobalSection(SolutionProperties) = preSolution
		HideSolutionNode = FALSE
	EndGlobalSection
	GlobalSection(ExtensibilityGlobals) = postSolution
		SolutionGuid = {66249F60-6DB8-4233-BBEB-8AE904D4A8FF}
	EndGlobalSection
EndGlobal
