
Microsoft Visual Studio Solution File, Format Version 12.00
# Visual Studio Version 16
VisualStudioVersion = 16.0.30804.86
MinimumVisualStudioVersion = 10.0.40219.1
Project("{FAE04EC0-301F-11D3-BF4B-00C04F79EFBC}") = "Conta Bancaria", "Conta Bancaria.csproj", "{6A72ABE6-F3B1-4066-BD64-92C7932CFA82}"
EndProject
Global
	GlobalSection(SolutionConfigurationPlatforms) = preSolution
		Debug|Any CPU = Debug|Any CPU
		Release|Any CPU = Release|Any CPU
	EndGlobalSection
	GlobalSection(ProjectConfigurationPlatforms) = postSolution
		{6A72ABE6-F3B1-4066-BD64-92C7932CFA82}.Debug|Any CPU.ActiveCfg = Debug|Any CPU
		{6A72ABE6-F3B1-4066-BD64-92C7932CFA82}.Debug|Any CPU.Build.0 = Debug|Any CPU
		{6A72ABE6-F3B1-4066-BD64-92C7932CFA82}.Release|Any CPU.ActiveCfg = Release|Any CPU
		{6A72ABE6-F3B1-4066-BD64-92C7932CFA82}.Release|Any CPU.Build.0 = Release|Any CPU
	EndGlobalSection
	GlobalSection(SolutionProperties) = preSolution
		HideSolutionNode = FALSE
	EndGlobalSection
	GlobalSection(ExtensibilityGlobals) = postSolution
		SolutionGuid = {6EF0488B-65EB-46CD-9153-549C10399B78}
	EndGlobalSection
EndGlobal
